
Microsoft Visual Studio Solution File, Format Version 12.00
# Visual Studio Version 16
VisualStudioVersion = 16.0.30907.101
MinimumVisualStudioVersion = 10.0.40219.1
Project("{9A19103F-16F7-4668-BE54-9A1E7A4F7556}") = "SmartBell", "SmartBell\SmartBell.csproj", "{6BA26101-48DF-464C-A086-57291A95CFAB}"
EndProject
Project("{FAE04EC0-301F-11D3-BF4B-00C04F79EFBC}") = "Models", "Models\Models.csproj", "{09033E46-CB7F-4B47-86E1-9DCF938D6E4D}"
EndProject
Global
	GlobalSection(SolutionConfigurationPlatforms) = preSolution
		Debug|Any CPU = Debug|Any CPU
		Release|Any CPU = Release|Any CPU
	EndGlobalSection
	GlobalSection(ProjectConfigurationPlatforms) = postSolution
		{6BA26101-48DF-464C-A086-57291A95CFAB}.Debug|Any CPU.ActiveCfg = Debug|Any CPU
		{6BA26101-48DF-464C-A086-57291A95CFAB}.Debug|Any CPU.Build.0 = Debug|Any CPU
		{6BA26101-48DF-464C-A086-57291A95CFAB}.Release|Any CPU.ActiveCfg = Release|Any CPU
		{6BA26101-48DF-464C-A086-57291A95CFAB}.Release|Any CPU.Build.0 = Release|Any CPU
		{09033E46-CB7F-4B47-86E1-9DCF938D6E4D}.Debug|Any CPU.ActiveCfg = Debug|Any CPU
		{09033E46-CB7F-4B47-86E1-9DCF938D6E4D}.Debug|Any CPU.Build.0 = Debug|Any CPU
		{09033E46-CB7F-4B47-86E1-9DCF938D6E4D}.Release|Any CPU.ActiveCfg = Release|Any CPU
		{09033E46-CB7F-4B47-86E1-9DCF938D6E4D}.Release|Any CPU.Build.0 = Release|Any CPU
	EndGlobalSection
	GlobalSection(SolutionProperties) = preSolution
		HideSolutionNode = FALSE
	EndGlobalSection
	GlobalSection(ExtensibilityGlobals) = postSolution
		SolutionGuid = {876128F3-9485-458F-9500-31003F8CE879}
	EndGlobalSection
EndGlobal
